
Microsoft Visual Studio Solution File, Format Version 12.00
# Visual Studio Version 17
VisualStudioVersion = 17.5.33530.505
MinimumVisualStudioVersion = 10.0.40219.1
Project("{FAE04EC0-301F-11D3-BF4B-00C04F79EFBC}") = "GasolinerasVIP.UWP", "GasolinerasVIP.UWP\GasolinerasVIP.UWP.csproj", "{136D5670-2095-4771-A81A-0297DCE9BE0E}"
EndProject
Project("{FAE04EC0-301F-11D3-BF4B-00C04F79EFBC}") = "GasolinerasVIP.Android", "GasolinerasVIP.Android\GasolinerasVIP.Android.csproj", "{D9376D9E-269D-48FC-B287-35D13F97E60B}"
EndProject
Project("{FAE04EC0-301F-11D3-BF4B-00C04F79EFBC}") = "GasolinerasVIP.iOS", "GasolinerasVIP.iOS\GasolinerasVIP.iOS.csproj", "{3F085595-0490-46F5-BBD4-F9C19A61F448}"
EndProject
Project("{9A19103F-16F7-4668-BE54-9A1E7A4F7556}") = "GasolinerasVIP", "GasolinerasVIP\GasolinerasVIP.csproj", "{F1CCDA50-D8A5-4EE3-BD31-84724D2DEA25}"
EndProject
Project("{FAE04EC0-301F-11D3-BF4B-00C04F79EFBC}") = "GasolinerasVIP.API", "GasolinerasVIP.API\GasolinerasVIP.API.csproj", "{6BFB4133-83CA-4010-86EC-A91CF6A9824B}"
EndProject
Global
	GlobalSection(SolutionConfigurationPlatforms) = preSolution
		Debug|Any CPU = Debug|Any CPU
		Debug|ARM = Debug|ARM
		Debug|iPhone = Debug|iPhone
		Debug|iPhoneSimulator = Debug|iPhoneSimulator
		Debug|x64 = Debug|x64
		Debug|x86 = Debug|x86
		Release|Any CPU = Release|Any CPU
		Release|ARM = Release|ARM
		Release|iPhone = Release|iPhone
		Release|iPhoneSimulator = Release|iPhoneSimulator
		Release|x64 = Release|x64
		Release|x86 = Release|x86
	EndGlobalSection
	GlobalSection(ProjectConfigurationPlatforms) = postSolution
		{136D5670-2095-4771-A81A-0297DCE9BE0E}.Debug|Any CPU.ActiveCfg = Debug|x64
		{136D5670-2095-4771-A81A-0297DCE9BE0E}.Debug|Any CPU.Build.0 = Debug|x64
		{136D5670-2095-4771-A81A-0297DCE9BE0E}.Debug|Any CPU.Deploy.0 = Debug|x64
		{136D5670-2095-4771-A81A-0297DCE9BE0E}.Debug|ARM.ActiveCfg = Debug|ARM
		{136D5670-2095-4771-A81A-0297DCE9BE0E}.Debug|ARM.Build.0 = Debug|ARM
		{136D5670-2095-4771-A81A-0297DCE9BE0E}.Debug|ARM.Deploy.0 = Debug|ARM
		{136D5670-2095-4771-A81A-0297DCE9BE0E}.Debug|iPhone.ActiveCfg = Debug|x64
		{136D5670-2095-4771-A81A-0297DCE9BE0E}.Debug|iPhone.Build.0 = Debug|x64
		{136D5670-2095-4771-A81A-0297DCE9BE0E}.Debug|iPhone.Deploy.0 = Debug|x64
		{136D5670-2095-4771-A81A-0297DCE9BE0E}.Debug|iPhoneSimulator.ActiveCfg = Debug|x64
		{136D5670-2095-4771-A81A-0297DCE9BE0E}.Debug|iPhoneSimulator.Build.0 = Debug|x64
		{136D5670-2095-4771-A81A-0297DCE9BE0E}.Debug|iPhoneSimulator.Deploy.0 = Debug|x64
		{136D5670-2095-4771-A81A-0297DCE9BE0E}.Debug|x64.ActiveCfg = Debug|x64
		{136D5670-2095-4771-A81A-0297DCE9BE0E}.Debug|x64.Build.0 = Debug|x64
		{136D5670-2095-4771-A81A-0297DCE9BE0E}.Debug|x64.Deploy.0 = Debug|x64
		{136D5670-2095-4771-A81A-0297DCE9BE0E}.Debug|x86.ActiveCfg = Debug|x86
		{136D5670-2095-4771-A81A-0297DCE9BE0E}.Debug|x86.Build.0 = Debug|x86
		{136D5670-2095-4771-A81A-0297DCE9BE0E}.Debug|x86.Deploy.0 = Debug|x86
		{136D5670-2095-4771-A81A-0297DCE9BE0E}.Release|Any CPU.ActiveCfg = Release|x64
		{136D5670-2095-4771-A81A-0297DCE9BE0E}.Release|Any CPU.Build.0 = Release|x64
		{136D5670-2095-4771-A81A-0297DCE9BE0E}.Release|Any CPU.Deploy.0 = Release|x64
		{136D5670-2095-4771-A81A-0297DCE9BE0E}.Release|ARM.ActiveCfg = Release|ARM
		{136D5670-2095-4771-A81A-0297DCE9BE0E}.Release|ARM.Build.0 = Release|ARM
		{136D5670-2095-4771-A81A-0297DCE9BE0E}.Release|ARM.Deploy.0 = Release|ARM
		{136D5670-2095-4771-A81A-0297DCE9BE0E}.Release|iPhone.ActiveCfg = Release|x64
		{136D5670-2095-4771-A81A-0297DCE9BE0E}.Release|iPhone.Build.0 = Release|x64
		{136D5670-2095-4771-A81A-0297DCE9BE0E}.Release|iPhone.Deploy.0 = Release|x64
		{136D5670-2095-4771-A81A-0297DCE9BE0E}.Release|iPhoneSimulator.ActiveCfg = Release|x64
		{136D5670-2095-4771-A81A-0297DCE9BE0E}.Release|iPhoneSimulator.Build.0 = Release|x64
		{136D5670-2095-4771-A81A-0297DCE9BE0E}.Release|iPhoneSimulator.Deploy.0 = Release|x64
		{136D5670-2095-4771-A81A-0297DCE9BE0E}.Release|x64.ActiveCfg = Release|x64
		{136D5670-2095-4771-A81A-0297DCE9BE0E}.Release|x64.Build.0 = Release|x64
		{136D5670-2095-4771-A81A-0297DCE9BE0E}.Release|x64.Deploy.0 = Release|x64
		{136D5670-2095-4771-A81A-0297DCE9BE0E}.Release|x86.ActiveCfg = Release|x86
		{136D5670-2095-4771-A81A-0297DCE9BE0E}.Release|x86.Build.0 = Release|x86
		{136D5670-2095-4771-A81A-0297DCE9BE0E}.Release|x86.Deploy.0 = Release|x86
		{D9376D9E-269D-48FC-B287-35D13F97E60B}.Debug|Any CPU.ActiveCfg = Debug|Any CPU
		{D9376D9E-269D-48FC-B287-35D13F97E60B}.Debug|Any CPU.Build.0 = Debug|Any CPU
		{D9376D9E-269D-48FC-B287-35D13F97E60B}.Debug|Any CPU.Deploy.0 = Debug|Any CPU
		{D9376D9E-269D-48FC-B287-35D13F97E60B}.Debug|ARM.ActiveCfg = Debug|Any CPU
		{D9376D9E-269D-48FC-B287-35D13F97E60B}.Debug|ARM.Build.0 = Debug|Any CPU
		{D9376D9E-269D-48FC-B287-35D13F97E60B}.Debug|ARM.Deploy.0 = Debug|Any CPU
		{D9376D9E-269D-48FC-B287-35D13F97E60B}.Debug|iPhone.ActiveCfg = Debug|Any CPU
		{D9376D9E-269D-48FC-B287-35D13F97E60B}.Debug|iPhone.Build.0 = Debug|Any CPU
		{D9376D9E-269D-48FC-B287-35D13F97E60B}.Debug|iPhone.Deploy.0 = Debug|Any CPU
		{D9376D9E-269D-48FC-B287-35D13F97E60B}.Debug|iPhoneSimulator.ActiveCfg = Debug|Any CPU
		{D9376D9E-269D-48FC-B287-35D13F97E60B}.Debug|iPhoneSimulator.Build.0 = Debug|Any CPU
		{D9376D9E-269D-48FC-B287-35D13F97E60B}.Debug|iPhoneSimulator.Deploy.0 = Debug|Any CPU
		{D9376D9E-269D-48FC-B287-35D13F97E60B}.Debug|x64.ActiveCfg = Debug|Any CPU
		{D9376D9E-269D-48FC-B287-35D13F97E60B}.Debug|x64.Build.0 = Debug|Any CPU
		{D9376D9E-269D-48FC-B287-35D13F97E60B}.Debug|x64.Deploy.0 = Debug|Any CPU
		{D9376D9E-269D-48FC-B287-35D13F97E60B}.Debug|x86.ActiveCfg = Debug|Any CPU
		{D9376D9E-269D-48FC-B287-35D13F97E60B}.Debug|x86.Build.0 = Debug|Any CPU
		{D9376D9E-269D-48FC-B287-35D13F97E60B}.Debug|x86.Deploy.0 = Debug|Any CPU
		{D9376D9E-269D-48FC-B287-35D13F97E60B}.Release|Any CPU.ActiveCfg = Release|Any CPU
		{D9376D9E-269D-48FC-B287-35D13F97E60B}.Release|Any CPU.Build.0 = Release|Any CPU
		{D9376D9E-269D-48FC-B287-35D13F97E60B}.Release|Any CPU.Deploy.0 = Release|Any CPU
		{D9376D9E-269D-48FC-B287-35D13F97E60B}.Release|ARM.ActiveCfg = Release|Any CPU
		{D9376D9E-269D-48FC-B287-35D13F97E60B}.Release|ARM.Build.0 = Release|Any CPU
		{D9376D9E-269D-48FC-B287-35D13F97E60B}.Release|ARM.Deploy.0 = Release|Any CPU
		{D9376D9E-269D-48FC-B287-35D13F97E60B}.Release|iPhone.ActiveCfg = Release|Any CPU
		{D9376D9E-269D-48FC-B287-35D13F97E60B}.Release|iPhone.Build.0 = Release|Any CPU
		{D9376D9E-269D-48FC-B287-35D13F97E60B}.Release|iPhone.Deploy.0 = Release|Any CPU
		{D9376D9E-269D-48FC-B287-35D13F97E60B}.Release|iPhoneSimulator.ActiveCfg = Release|Any CPU
		{D9376D9E-269D-48FC-B287-35D13F97E60B}.Release|iPhoneSimulator.Build.0 = Release|Any CPU
		{D9376D9E-269D-48FC-B287-35D13F97E60B}.Release|iPhoneSimulator.Deploy.0 = Release|Any CPU
		{D9376D9E-269D-48FC-B287-35D13F97E60B}.Release|x64.ActiveCfg = Release|Any CPU
		{D9376D9E-269D-48FC-B287-35D13F97E60B}.Release|x64.Build.0 = Release|Any CPU
		{D9376D9E-269D-48FC-B287-35D13F97E60B}.Release|x64.Deploy.0 = Release|Any CPU
		{D9376D9E-269D-48FC-B287-35D13F97E60B}.Release|x86.ActiveCfg = Release|Any CPU
		{D9376D9E-269D-48FC-B287-35D13F97E60B}.Release|x86.Build.0 = Release|Any CPU
		{D9376D9E-269D-48FC-B287-35D13F97E60B}.Release|x86.Deploy.0 = Release|Any CPU
		{3F085595-0490-46F5-BBD4-F9C19A61F448}.Debug|Any CPU.ActiveCfg = Debug|iPhoneSimulator
		{3F085595-0490-46F5-BBD4-F9C19A61F448}.Debug|Any CPU.Build.0 = Debug|iPhoneSimulator
		{3F085595-0490-46F5-BBD4-F9C19A61F448}.Debug|Any CPU.Deploy.0 = Debug|iPhoneSimulator
		{3F085595-0490-46F5-BBD4-F9C19A61F448}.Debug|ARM.ActiveCfg = Debug|iPhoneSimulator
		{3F085595-0490-46F5-BBD4-F9C19A61F448}.Debug|ARM.Build.0 = Debug|iPhoneSimulator
		{3F085595-0490-46F5-BBD4-F9C19A61F448}.Debug|ARM.Deploy.0 = Debug|iPhoneSimulator
		{3F085595-0490-46F5-BBD4-F9C19A61F448}.Debug|iPhone.ActiveCfg = Debug|iPhone
		{3F085595-0490-46F5-BBD4-F9C19A61F448}.Debug|iPhone.Build.0 = Debug|iPhone
		{3F085595-0490-46F5-BBD4-F9C19A61F448}.Debug|iPhone.Deploy.0 = Debug|iPhone
		{3F085595-0490-46F5-BBD4-F9C19A61F448}.Debug|iPhoneSimulator.ActiveCfg = Debug|iPhoneSimulator
		{3F085595-0490-46F5-BBD4-F9C19A61F448}.Debug|iPhoneSimulator.Build.0 = Debug|iPhoneSimulator
		{3F085595-0490-46F5-BBD4-F9C19A61F448}.Debug|iPhoneSimulator.Deploy.0 = Debug|iPhoneSimulator
		{3F085595-0490-46F5-BBD4-F9C19A61F448}.Debug|x64.ActiveCfg = Debug|iPhone
		{3F085595-0490-46F5-BBD4-F9C19A61F448}.Debug|x64.Build.0 = Debug|iPhone
		{3F085595-0490-46F5-BBD4-F9C19A61F448}.Debug|x64.Deploy.0 = Debug|iPhone
		{3F085595-0490-46F5-BBD4-F9C19A61F448}.Debug|x86.ActiveCfg = Debug|iPhoneSimulator
		{3F085595-0490-46F5-BBD4-F9C19A61F448}.Debug|x86.Build.0 = Debug|iPhoneSimulator
		{3F085595-0490-46F5-BBD4-F9C19A61F448}.Debug|x86.Deploy.0 = Debug|iPhoneSimulator
		{3F085595-0490-46F5-BBD4-F9C19A61F448}.Release|Any CPU.ActiveCfg = Release|iPhoneSimulator
		{3F085595-0490-46F5-BBD4-F9C19A61F448}.Release|Any CPU.Build.0 = Release|iPhoneSimulator
		{3F085595-0490-46F5-BBD4-F9C19A61F448}.Release|Any CPU.Deploy.0 = Release|iPhoneSimulator
		{3F085595-0490-46F5-BBD4-F9C19A61F448}.Release|ARM.ActiveCfg = Release|iPhoneSimulator
		{3F085595-0490-46F5-BBD4-F9C19A61F448}.Release|ARM.Build.0 = Release|iPhoneSimulator
		{3F085595-0490-46F5-BBD4-F9C19A61F448}.Release|ARM.Deploy.0 = Release|iPhoneSimulator
		{3F085595-0490-46F5-BBD4-F9C19A61F448}.Release|iPhone.ActiveCfg = Release|iPhone
		{3F085595-0490-46F5-BBD4-F9C19A61F448}.Release|iPhone.Build.0 = Release|iPhone
		{3F085595-0490-46F5-BBD4-F9C19A61F448}.Release|iPhone.Deploy.0 = Release|iPhone
		{3F085595-0490-46F5-BBD4-F9C19A61F448}.Release|iPhoneSimulator.ActiveCfg = Release|iPhoneSimulator
		{3F085595-0490-46F5-BBD4-F9C19A61F448}.Release|iPhoneSimulator.Build.0 = Release|iPhoneSimulator
		{3F085595-0490-46F5-BBD4-F9C19A61F448}.Release|iPhoneSimulator.Deploy.0 = Release|iPhoneSimulator
		{3F085595-0490-46F5-BBD4-F9C19A61F448}.Release|x64.ActiveCfg = Release|iPhoneSimulator
		{3F085595-0490-46F5-BBD4-F9C19A61F448}.Release|x64.Build.0 = Release|iPhoneSimulator
		{3F085595-0490-46F5-BBD4-F9C19A61F448}.Release|x64.Deploy.0 = Release|iPhoneSimulator
		{3F085595-0490-46F5-BBD4-F9C19A61F448}.Release|x86.ActiveCfg = Release|iPhoneSimulator
		{3F085595-0490-46F5-BBD4-F9C19A61F448}.Release|x86.Build.0 = Release|iPhoneSimulator
		{3F085595-0490-46F5-BBD4-F9C19A61F448}.Release|x86.Deploy.0 = Release|iPhoneSimulator
		{F1CCDA50-D8A5-4EE3-BD31-84724D2DEA25}.Debug|Any CPU.ActiveCfg = Debug|Any CPU
		{F1CCDA50-D8A5-4EE3-BD31-84724D2DEA25}.Debug|Any CPU.Build.0 = Debug|Any CPU
		{F1CCDA50-D8A5-4EE3-BD31-84724D2DEA25}.Debug|Any CPU.Deploy.0 = Debug|Any CPU
		{F1CCDA50-D8A5-4EE3-BD31-84724D2DEA25}.Debug|ARM.ActiveCfg = Debug|Any CPU
		{F1CCDA50-D8A5-4EE3-BD31-84724D2DEA25}.Debug|ARM.Build.0 = Debug|Any CPU
		{F1CCDA50-D8A5-4EE3-BD31-84724D2DEA25}.Debug|ARM.Deploy.0 = Debug|Any CPU
		{F1CCDA50-D8A5-4EE3-BD31-84724D2DEA25}.Debug|iPhone.ActiveCfg = Debug|Any CPU
		{F1CCDA50-D8A5-4EE3-BD31-84724D2DEA25}.Debug|iPhone.Build.0 = Debug|Any CPU
		{F1CCDA50-D8A5-4EE3-BD31-84724D2DEA25}.Debug|iPhone.Deploy.0 = Debug|Any CPU
		{F1CCDA50-D8A5-4EE3-BD31-84724D2DEA25}.Debug|iPhoneSimulator.ActiveCfg = Debug|Any CPU
		{F1CCDA50-D8A5-4EE3-BD31-84724D2DEA25}.Debug|iPhoneSimulator.Build.0 = Debug|Any CPU
		{F1CCDA50-D8A5-4EE3-BD31-84724D2DEA25}.Debug|iPhoneSimulator.Deploy.0 = Debug|Any CPU
		{F1CCDA50-D8A5-4EE3-BD31-84724D2DEA25}.Debug|x64.ActiveCfg = Debug|Any CPU
		{F1CCDA50-D8A5-4EE3-BD31-84724D2DEA25}.Debug|x64.Build.0 = Debug|Any CPU
		{F1CCDA50-D8A5-4EE3-BD31-84724D2DEA25}.Debug|x64.Deploy.0 = Debug|Any CPU
		{F1CCDA50-D8A5-4EE3-BD31-84724D2DEA25}.Debug|x86.ActiveCfg = Debug|Any CPU
		{F1CCDA50-D8A5-4EE3-BD31-84724D2DEA25}.Debug|x86.Build.0 = Debug|Any CPU
		{F1CCDA50-D8A5-4EE3-BD31-84724D2DEA25}.Debug|x86.Deploy.0 = Debug|Any CPU
		{F1CCDA50-D8A5-4EE3-BD31-84724D2DEA25}.Release|Any CPU.ActiveCfg = Release|Any CPU
		{F1CCDA50-D8A5-4EE3-BD31-84724D2DEA25}.Release|Any CPU.Build.0 = Release|Any CPU
		{F1CCDA50-D8A5-4EE3-BD31-84724D2DEA25}.Release|Any CPU.Deploy.0 = Release|Any CPU
		{F1CCDA50-D8A5-4EE3-BD31-84724D2DEA25}.Release|ARM.ActiveCfg = Release|Any CPU
		{F1CCDA50-D8A5-4EE3-BD31-84724D2DEA25}.Release|ARM.Build.0 = Release|Any CPU
		{F1CCDA50-D8A5-4EE3-BD31-84724D2DEA25}.Release|ARM.Deploy.0 = Release|Any CPU
		{F1CCDA50-D8A5-4EE3-BD31-84724D2DEA25}.Release|iPhone.ActiveCfg = Release|Any CPU
		{F1CCDA50-D8A5-4EE3-BD31-84724D2DEA25}.Release|iPhone.Build.0 = Release|Any CPU
		{F1CCDA50-D8A5-4EE3-BD31-84724D2DEA25}.Release|iPhone.Deploy.0 = Release|Any CPU
		{F1CCDA50-D8A5-4EE3-BD31-84724D2DEA25}.Release|iPhoneSimulator.ActiveCfg = Release|Any CPU
		{F1CCDA50-D8A5-4EE3-BD31-84724D2DEA25}.Release|iPhoneSimulator.Build.0 = Release|Any CPU
		{F1CCDA50-D8A5-4EE3-BD31-84724D2DEA25}.Release|iPhoneSimulator.Deploy.0 = Release|Any CPU
		{F1CCDA50-D8A5-4EE3-BD31-84724D2DEA25}.Release|x64.ActiveCfg = Release|Any CPU
		{F1CCDA50-D8A5-4EE3-BD31-84724D2DEA25}.Release|x64.Build.0 = Release|Any CPU
		{F1CCDA50-D8A5-4EE3-BD31-84724D2DEA25}.Release|x64.Deploy.0 = Release|Any CPU
		{F1CCDA50-D8A5-4EE3-BD31-84724D2DEA25}.Release|x86.ActiveCfg = Release|Any CPU
		{F1CCDA50-D8A5-4EE3-BD31-84724D2DEA25}.Release|x86.Build.0 = Release|Any CPU
		{F1CCDA50-D8A5-4EE3-BD31-84724D2DEA25}.Release|x86.Deploy.0 = Release|Any CPU
		{6BFB4133-83CA-4010-86EC-A91CF6A9824B}.Debug|Any CPU.ActiveCfg = Debug|Any CPU
		{6BFB4133-83CA-4010-86EC-A91CF6A9824B}.Debug|Any CPU.Build.0 = Debug|Any CPU
		{6BFB4133-83CA-4010-86EC-A91CF6A9824B}.Debug|ARM.ActiveCfg = Debug|Any CPU
		{6BFB4133-83CA-4010-86EC-A91CF6A9824B}.Debug|ARM.Build.0 = Debug|Any CPU
		{6BFB4133-83CA-4010-86EC-A91CF6A9824B}.Debug|iPhone.ActiveCfg = Debug|Any CPU
		{6BFB4133-83CA-4010-86EC-A91CF6A9824B}.Debug|iPhone.Build.0 = Debug|Any CPU
		{6BFB4133-83CA-4010-86EC-A91CF6A9824B}.Debug|iPhoneSimulator.ActiveCfg = Debug|Any CPU
		{6BFB4133-83CA-4010-86EC-A91CF6A9824B}.Debug|iPhoneSimulator.Build.0 = Debug|Any CPU
		{6BFB4133-83CA-4010-86EC-A91CF6A9824B}.Debug|x64.ActiveCfg = Debug|Any CPU
		{6BFB4133-83CA-4010-86EC-A91CF6A9824B}.Debug|x64.Build.0 = Debug|Any CPU
		{6BFB4133-83CA-4010-86EC-A91CF6A9824B}.Debug|x86.ActiveCfg = Debug|Any CPU
		{6BFB4133-83CA-4010-86EC-A91CF6A9824B}.Debug|x86.Build.0 = Debug|Any CPU
		{6BFB4133-83CA-4010-86EC-A91CF6A9824B}.Release|Any CPU.ActiveCfg = Release|Any CPU
		{6BFB4133-83CA-4010-86EC-A91CF6A9824B}.Release|Any CPU.Build.0 = Release|Any CPU
		{6BFB4133-83CA-4010-86EC-A91CF6A9824B}.Release|ARM.ActiveCfg = Release|Any CPU
		{6BFB4133-83CA-4010-86EC-A91CF6A9824B}.Release|ARM.Build.0 = Release|Any CPU
		{6BFB4133-83CA-4010-86EC-A91CF6A9824B}.Release|iPhone.ActiveCfg = Release|Any CPU
		{6BFB4133-83CA-4010-86EC-A91CF6A9824B}.Release|iPhone.Build.0 = Release|Any CPU
		{6BFB4133-83CA-4010-86EC-A91CF6A9824B}.Release|iPhoneSimulator.ActiveCfg = Release|Any CPU
		{6BFB4133-83CA-4010-86EC-A91CF6A9824B}.Release|iPhoneSimulator.Build.0 = Release|Any CPU
		{6BFB4133-83CA-4010-86EC-A91CF6A9824B}.Release|x64.ActiveCfg = Release|Any CPU
		{6BFB4133-83CA-4010-86EC-A91CF6A9824B}.Release|x64.Build.0 = Release|Any CPU
		{6BFB4133-83CA-4010-86EC-A91CF6A9824B}.Release|x86.ActiveCfg = Release|Any CPU
		{6BFB4133-83CA-4010-86EC-A91CF6A9824B}.Release|x86.Build.0 = Release|Any CPU
	EndGlobalSection
	GlobalSection(SolutionProperties) = preSolution
		HideSolutionNode = FALSE
	EndGlobalSection
	GlobalSection(ExtensibilityGlobals) = postSolution
		SolutionGuid = {C3CE7ADC-C9C6-4FD3-8202-9178C894A8EA}
	EndGlobalSection
EndGlobal
